
Microsoft Visual Studio Solution File, Format Version 12.00
# Visual Studio Version 17
VisualStudioVersion = 17.5.33530.505
MinimumVisualStudioVersion = 10.0.40219.1
Project("{FAE04EC0-301F-11D3-BF4B-00C04F79EFBC}") = "MacroPayloadBuilder", "MacroPayloadBuilder.csproj", "{DE4E5173-A538-4E8B-AC75-7C359F8D076B}"
EndProject
Global
	GlobalSection(SolutionConfigurationPlatforms) = preSolution
		Debug|Any CPU = Debug|Any CPU
		Release|Any CPU = Release|Any CPU
	EndGlobalSection
	GlobalSection(ProjectConfigurationPlatforms) = postSolution
		{DE4E5173-A538-4E8B-AC75-7C359F8D076B}.Debug|Any CPU.ActiveCfg = Debug|Any CPU
		{DE4E5173-A538-4E8B-AC75-7C359F8D076B}.Debug|Any CPU.Build.0 = Debug|Any CPU
		{DE4E5173-A538-4E8B-AC75-7C359F8D076B}.Release|Any CPU.ActiveCfg = Release|Any CPU
		{DE4E5173-A538-4E8B-AC75-7C359F8D076B}.Release|Any CPU.Build.0 = Release|Any CPU
	EndGlobalSection
	GlobalSection(SolutionProperties) = preSolution
		HideSolutionNode = FALSE
	EndGlobalSection
	GlobalSection(ExtensibilityGlobals) = postSolution
		SolutionGuid = {0BC1DB51-EC50-4F4E-8F48-59691DDA4814}
	EndGlobalSection
EndGlobal
